
Microsoft Visual Studio Solution File, Format Version 12.00
# Visual Studio Version 16
VisualStudioVersion = 16.0.28803.202
MinimumVisualStudioVersion = 10.0.40219.1
Project("{FAE04EC0-301F-11D3-BF4B-00C04F79EFBC}") = "1. Hafta", "1. Hafta\1. Hafta.csproj", "{105916AE-EE21-4EB7-809A-A5C2B28ADB14}"
EndProject
Global
	GlobalSection(SolutionConfigurationPlatforms) = preSolution
		Debug|Any CPU = Debug|Any CPU
		Release|Any CPU = Release|Any CPU
	EndGlobalSection
	GlobalSection(ProjectConfigurationPlatforms) = postSolution
		{105916AE-EE21-4EB7-809A-A5C2B28ADB14}.Debug|Any CPU.ActiveCfg = Debug|Any CPU
		{105916AE-EE21-4EB7-809A-A5C2B28ADB14}.Debug|Any CPU.Build.0 = Debug|Any CPU
		{105916AE-EE21-4EB7-809A-A5C2B28ADB14}.Release|Any CPU.ActiveCfg = Release|Any CPU
		{105916AE-EE21-4EB7-809A-A5C2B28ADB14}.Release|Any CPU.Build.0 = Release|Any CPU
	EndGlobalSection
	GlobalSection(SolutionProperties) = preSolution
		HideSolutionNode = FALSE
	EndGlobalSection
	GlobalSection(ExtensibilityGlobals) = postSolution
		SolutionGuid = {17D58DF7-04AE-43B4-B59A-6BE8A43306CD}
	EndGlobalSection
EndGlobal
