
Microsoft Visual Studio Solution File, Format Version 12.00
# Visual Studio Version 16
VisualStudioVersion = 16.0.29025.244
MinimumVisualStudioVersion = 10.0.40219.1
Project("{FAE04EC0-301F-11D3-BF4B-00C04F79EFBC}") = "MetinBot", "MetinBot\MetinBot.csproj", "{272569B7-30D9-46E0-BDD9-9CD0E37E7818}"
EndProject
Global
	GlobalSection(SolutionConfigurationPlatforms) = preSolution
		Debug|Any CPU = Debug|Any CPU
		Release|Any CPU = Release|Any CPU
	EndGlobalSection
	GlobalSection(ProjectConfigurationPlatforms) = postSolution
		{272569B7-30D9-46E0-BDD9-9CD0E37E7818}.Debug|Any CPU.ActiveCfg = Debug|Any CPU
		{272569B7-30D9-46E0-BDD9-9CD0E37E7818}.Debug|Any CPU.Build.0 = Debug|Any CPU
		{272569B7-30D9-46E0-BDD9-9CD0E37E7818}.Release|Any CPU.ActiveCfg = Release|Any CPU
		{272569B7-30D9-46E0-BDD9-9CD0E37E7818}.Release|Any CPU.Build.0 = Release|Any CPU
	EndGlobalSection
	GlobalSection(SolutionProperties) = preSolution
		HideSolutionNode = FALSE
	EndGlobalSection
	GlobalSection(ExtensibilityGlobals) = postSolution
		SolutionGuid = {EE59D12B-FA59-4E02-81BF-746A8E6C344E}
	EndGlobalSection
EndGlobal
