
Microsoft Visual Studio Solution File, Format Version 12.00
# Visual Studio Version 16
VisualStudioVersion = 16.0.28803.202
MinimumVisualStudioVersion = 10.0.40219.1
Project("{FAE04EC0-301F-11D3-BF4B-00C04F79EFBC}") = "Bootcamp4", "Bootcamp4\Bootcamp4.csproj", "{A5498050-76BB-4926-B59B-E8F56C274A11}"
EndProject
Global
	GlobalSection(SolutionConfigurationPlatforms) = preSolution
		Debug|Any CPU = Debug|Any CPU
		Release|Any CPU = Release|Any CPU
	EndGlobalSection
	GlobalSection(ProjectConfigurationPlatforms) = postSolution
		{A5498050-76BB-4926-B59B-E8F56C274A11}.Debug|Any CPU.ActiveCfg = Debug|Any CPU
		{A5498050-76BB-4926-B59B-E8F56C274A11}.Debug|Any CPU.Build.0 = Debug|Any CPU
		{A5498050-76BB-4926-B59B-E8F56C274A11}.Release|Any CPU.ActiveCfg = Release|Any CPU
		{A5498050-76BB-4926-B59B-E8F56C274A11}.Release|Any CPU.Build.0 = Release|Any CPU
	EndGlobalSection
	GlobalSection(SolutionProperties) = preSolution
		HideSolutionNode = FALSE
	EndGlobalSection
	GlobalSection(ExtensibilityGlobals) = postSolution
		SolutionGuid = {2899C71B-B44D-479B-ACBD-A1894C62A1DF}
	EndGlobalSection
EndGlobal
